
Microsoft Visual Studio Solution File, Format Version 12.00
# Visual Studio Version 16
VisualStudioVersion = 16.0.29230.47
MinimumVisualStudioVersion = 10.0.40219.1
Project("{FAE04EC0-301F-11D3-BF4B-00C04F79EFBC}") = "WijkAgent2", "WijkAgent2\WijkAgent2.csproj", "{F7400706-805D-46D7-B5CD-FD6F59B67C99}"
EndProject
Project("{FAE04EC0-301F-11D3-BF4B-00C04F79EFBC}") = "VSUnitTest", "VSUnitTest\VSUnitTest.csproj", "{67F9BEE5-A2F7-48A4-938F-C29D82AC36FB}"
EndProject
Global
	GlobalSection(SolutionConfigurationPlatforms) = preSolution
		Debug|Any CPU = Debug|Any CPU
		Release|Any CPU = Release|Any CPU
	EndGlobalSection
	GlobalSection(ProjectConfigurationPlatforms) = postSolution
		{F7400706-805D-46D7-B5CD-FD6F59B67C99}.Debug|Any CPU.ActiveCfg = Debug|Any CPU
		{F7400706-805D-46D7-B5CD-FD6F59B67C99}.Debug|Any CPU.Build.0 = Debug|Any CPU
		{F7400706-805D-46D7-B5CD-FD6F59B67C99}.Release|Any CPU.ActiveCfg = Release|Any CPU
		{F7400706-805D-46D7-B5CD-FD6F59B67C99}.Release|Any CPU.Build.0 = Release|Any CPU
		{67F9BEE5-A2F7-48A4-938F-C29D82AC36FB}.Debug|Any CPU.ActiveCfg = Debug|Any CPU
		{67F9BEE5-A2F7-48A4-938F-C29D82AC36FB}.Debug|Any CPU.Build.0 = Debug|Any CPU
		{67F9BEE5-A2F7-48A4-938F-C29D82AC36FB}.Release|Any CPU.ActiveCfg = Release|Any CPU
		{67F9BEE5-A2F7-48A4-938F-C29D82AC36FB}.Release|Any CPU.Build.0 = Release|Any CPU
	EndGlobalSection
	GlobalSection(SolutionProperties) = preSolution
		HideSolutionNode = FALSE
	EndGlobalSection
	GlobalSection(ExtensibilityGlobals) = postSolution
		SolutionGuid = {8E3D6A54-A010-4697-BF3E-EC8D946898C2}
	EndGlobalSection
EndGlobal
